
Microsoft Visual Studio Solution File, Format Version 12.00
# Visual Studio Version 16
VisualStudioVersion = 16.0.30621.155
MinimumVisualStudioVersion = 10.0.40219.1
Project("{9A19103F-16F7-4668-BE54-9A1E7A4F7556}") = "DAL.Domain", "DAL.Domain\DAL.Domain.csproj", "{251280D0-4892-43CC-ACB7-97DA9E194E6C}"
EndProject
Project("{9A19103F-16F7-4668-BE54-9A1E7A4F7556}") = "DAL.Interfaces", "DAL.Interfaces\DAL.Interfaces.csproj", "{1678A22A-6B93-4572-8FE6-1F07F4756CC6}"
EndProject
Project("{9A19103F-16F7-4668-BE54-9A1E7A4F7556}") = "DAL.Infrastructure", "DAL.Infrastructure\DAL.Infrastructure.csproj", "{B664789E-4886-41D8-96D1-FC8E4010A5A7}"
EndProject
Project("{9A19103F-16F7-4668-BE54-9A1E7A4F7556}") = "BLL.Interfaces", "BLL.Interfaces\BLL.Interfaces.csproj", "{D7123E21-45A0-4396-AE0E-3C44628A4864}"
EndProject
Project("{9A19103F-16F7-4668-BE54-9A1E7A4F7556}") = "BLL.Infrastructure", "BLL.Infrastructure\BLL.Infrastructure.csproj", "{5C86B3B5-D836-49B4-BE59-DBC48608DA39}"
EndProject
Project("{9A19103F-16F7-4668-BE54-9A1E7A4F7556}") = "Web", "Web\Web.csproj", "{A45B24E1-24F6-42F4-AC2D-B89262DD26CC}"
EndProject
Project("{9A19103F-16F7-4668-BE54-9A1E7A4F7556}") = "BLL.Models", "BLL.Models\BLL.Models.csproj", "{BBC3CA54-2504-4B82-B2E2-0E11ECA30F5D}"
EndProject
Project("{9A19103F-16F7-4668-BE54-9A1E7A4F7556}") = "OnlineForum.UnitTests", "OnlineForum.UnitTests\OnlineForum.UnitTests.csproj", "{FA07BF09-F00E-4234-BDAA-AA5E9C1EECE2}"
EndProject
Project("{FAE04EC0-301F-11D3-BF4B-00C04F79EFBC}") = "OnlineForum.IntegrationTests", "OnlineForum.IntegrationTests\OnlineForum.IntegrationTests.csproj", "{06194FC2-8304-43B6-9541-8AAC3ABCB659}"
EndProject
Global
	GlobalSection(SolutionConfigurationPlatforms) = preSolution
		Debug|Any CPU = Debug|Any CPU
		Release|Any CPU = Release|Any CPU
	EndGlobalSection
	GlobalSection(ProjectConfigurationPlatforms) = postSolution
		{251280D0-4892-43CC-ACB7-97DA9E194E6C}.Debug|Any CPU.ActiveCfg = Debug|Any CPU
		{251280D0-4892-43CC-ACB7-97DA9E194E6C}.Debug|Any CPU.Build.0 = Debug|Any CPU
		{251280D0-4892-43CC-ACB7-97DA9E194E6C}.Release|Any CPU.ActiveCfg = Release|Any CPU
		{251280D0-4892-43CC-ACB7-97DA9E194E6C}.Release|Any CPU.Build.0 = Release|Any CPU
		{1678A22A-6B93-4572-8FE6-1F07F4756CC6}.Debug|Any CPU.ActiveCfg = Debug|Any CPU
		{1678A22A-6B93-4572-8FE6-1F07F4756CC6}.Debug|Any CPU.Build.0 = Debug|Any CPU
		{1678A22A-6B93-4572-8FE6-1F07F4756CC6}.Release|Any CPU.ActiveCfg = Release|Any CPU
		{1678A22A-6B93-4572-8FE6-1F07F4756CC6}.Release|Any CPU.Build.0 = Release|Any CPU
		{B664789E-4886-41D8-96D1-FC8E4010A5A7}.Debug|Any CPU.ActiveCfg = Debug|Any CPU
		{B664789E-4886-41D8-96D1-FC8E4010A5A7}.Debug|Any CPU.Build.0 = Debug|Any CPU
		{B664789E-4886-41D8-96D1-FC8E4010A5A7}.Release|Any CPU.ActiveCfg = Release|Any CPU
		{B664789E-4886-41D8-96D1-FC8E4010A5A7}.Release|Any CPU.Build.0 = Release|Any CPU
		{D7123E21-45A0-4396-AE0E-3C44628A4864}.Debug|Any CPU.ActiveCfg = Debug|Any CPU
		{D7123E21-45A0-4396-AE0E-3C44628A4864}.Debug|Any CPU.Build.0 = Debug|Any CPU
		{D7123E21-45A0-4396-AE0E-3C44628A4864}.Release|Any CPU.ActiveCfg = Release|Any CPU
		{D7123E21-45A0-4396-AE0E-3C44628A4864}.Release|Any CPU.Build.0 = Release|Any CPU
		{5C86B3B5-D836-49B4-BE59-DBC48608DA39}.Debug|Any CPU.ActiveCfg = Debug|Any CPU
		{5C86B3B5-D836-49B4-BE59-DBC48608DA39}.Debug|Any CPU.Build.0 = Debug|Any CPU
		{5C86B3B5-D836-49B4-BE59-DBC48608DA39}.Release|Any CPU.ActiveCfg = Release|Any CPU
		{5C86B3B5-D836-49B4-BE59-DBC48608DA39}.Release|Any CPU.Build.0 = Release|Any CPU
		{A45B24E1-24F6-42F4-AC2D-B89262DD26CC}.Debug|Any CPU.ActiveCfg = Debug|Any CPU
		{A45B24E1-24F6-42F4-AC2D-B89262DD26CC}.Debug|Any CPU.Build.0 = Debug|Any CPU
		{A45B24E1-24F6-42F4-AC2D-B89262DD26CC}.Release|Any CPU.ActiveCfg = Release|Any CPU
		{A45B24E1-24F6-42F4-AC2D-B89262DD26CC}.Release|Any CPU.Build.0 = Release|Any CPU
		{BBC3CA54-2504-4B82-B2E2-0E11ECA30F5D}.Debug|Any CPU.ActiveCfg = Debug|Any CPU
		{BBC3CA54-2504-4B82-B2E2-0E11ECA30F5D}.Debug|Any CPU.Build.0 = Debug|Any CPU
		{BBC3CA54-2504-4B82-B2E2-0E11ECA30F5D}.Release|Any CPU.ActiveCfg = Release|Any CPU
		{BBC3CA54-2504-4B82-B2E2-0E11ECA30F5D}.Release|Any CPU.Build.0 = Release|Any CPU
		{FA07BF09-F00E-4234-BDAA-AA5E9C1EECE2}.Debug|Any CPU.ActiveCfg = Debug|Any CPU
		{FA07BF09-F00E-4234-BDAA-AA5E9C1EECE2}.Debug|Any CPU.Build.0 = Debug|Any CPU
		{FA07BF09-F00E-4234-BDAA-AA5E9C1EECE2}.Release|Any CPU.ActiveCfg = Release|Any CPU
		{FA07BF09-F00E-4234-BDAA-AA5E9C1EECE2}.Release|Any CPU.Build.0 = Release|Any CPU
		{06194FC2-8304-43B6-9541-8AAC3ABCB659}.Debug|Any CPU.ActiveCfg = Debug|Any CPU
		{06194FC2-8304-43B6-9541-8AAC3ABCB659}.Debug|Any CPU.Build.0 = Debug|Any CPU
		{06194FC2-8304-43B6-9541-8AAC3ABCB659}.Release|Any CPU.ActiveCfg = Release|Any CPU
		{06194FC2-8304-43B6-9541-8AAC3ABCB659}.Release|Any CPU.Build.0 = Release|Any CPU
	EndGlobalSection
	GlobalSection(SolutionProperties) = preSolution
		HideSolutionNode = FALSE
	EndGlobalSection
	GlobalSection(ExtensibilityGlobals) = postSolution
		SolutionGuid = {AEB8F5BB-724C-4B66-8F42-5561BE7762B2}
	EndGlobalSection
EndGlobal
